
Microsoft Visual Studio Solution File, Format Version 12.00
Project("{2150E333-8FDC-42A3-9474-1A3956D46DE8}") = "Shared", "Shared", "{4F52FD11-658E-A102-6CD3-7D7C16FFA15B}"
	ProjectSection(SolutionItems) = preProject
		global.json = global.json
		nuget.config = nuget.config
		.github\workflows\publish.yml = .github\workflows\publish.yml
		Directory.Build.props = Directory.Build.props
	EndProjectSection
EndProject
Project("{FAE04EC0-301F-11D3-BF4B-00C04F79EFBC}") = "Odin.Utility.RecordEnum", "Utility\RecordEnum\Odin.Utility.RecordEnum.csproj", "{47543FFE-EFF5-4865-A031-D1D72EC7EB09}"
EndProject
Project("{FAE04EC0-301F-11D3-BF4B-00C04F79EFBC}") = "Odin.Miscellaneous", "Miscellaneous\Odin.Miscellaneous.csproj", "{87F83295-0119-4AF5-8852-E6704116BD91}"
EndProject
Project("{FAE04EC0-301F-11D3-BF4B-00C04F79EFBC}") = "Tests.Odin.Miscellaneous", "Tests.Odin.Miscellaneous\Tests.Odin.Miscellaneous.csproj", "{93A24B1D-A3B0-446F-834B-DA5CC956ED07}"
EndProject
Project("{FAE04EC0-301F-11D3-BF4B-00C04F79EFBC}") = "Odin.Cryptography", "Cryptography\Odin.Cryptography.csproj", "{FA5D93D3-2A98-4A4E-8BFD-F1941A47175B}"
EndProject
Project("{FAE04EC0-301F-11D3-BF4B-00C04F79EFBC}") = "Odin.Email.SMTP", "Email\SMTP\Odin.Email.SMTP.csproj", "{379EBA18-DB45-4444-9FE9-075855855B7A}"
EndProject
Project("{FAE04EC0-301F-11D3-BF4B-00C04F79EFBC}") = "Odin.Notifications", "Notifications\Odin.Notifications.csproj", "{21F3C428-EF30-4FB9-8074-D8F3E710FB83}"
EndProject
Global
	GlobalSection(SolutionConfigurationPlatforms) = preSolution
		Debug|Any CPU = Debug|Any CPU
		Release|Any CPU = Release|Any CPU
	EndGlobalSection
	GlobalSection(ProjectConfigurationPlatforms) = postSolution
		{47543FFE-EFF5-4865-A031-D1D72EC7EB09}.Debug|Any CPU.ActiveCfg = Debug|Any CPU
		{47543FFE-EFF5-4865-A031-D1D72EC7EB09}.Debug|Any CPU.Build.0 = Debug|Any CPU
		{47543FFE-EFF5-4865-A031-D1D72EC7EB09}.Release|Any CPU.ActiveCfg = Release|Any CPU
		{47543FFE-EFF5-4865-A031-D1D72EC7EB09}.Release|Any CPU.Build.0 = Release|Any CPU
		{87F83295-0119-4AF5-8852-E6704116BD91}.Debug|Any CPU.ActiveCfg = Debug|Any CPU
		{87F83295-0119-4AF5-8852-E6704116BD91}.Debug|Any CPU.Build.0 = Debug|Any CPU
		{87F83295-0119-4AF5-8852-E6704116BD91}.Release|Any CPU.ActiveCfg = Release|Any CPU
		{87F83295-0119-4AF5-8852-E6704116BD91}.Release|Any CPU.Build.0 = Release|Any CPU
		{93A24B1D-A3B0-446F-834B-DA5CC956ED07}.Debug|Any CPU.ActiveCfg = Debug|Any CPU
		{93A24B1D-A3B0-446F-834B-DA5CC956ED07}.Debug|Any CPU.Build.0 = Debug|Any CPU
		{93A24B1D-A3B0-446F-834B-DA5CC956ED07}.Release|Any CPU.ActiveCfg = Release|Any CPU
		{93A24B1D-A3B0-446F-834B-DA5CC956ED07}.Release|Any CPU.Build.0 = Release|Any CPU
		{FA5D93D3-2A98-4A4E-8BFD-F1941A47175B}.Debug|Any CPU.ActiveCfg = Debug|Any CPU
		{FA5D93D3-2A98-4A4E-8BFD-F1941A47175B}.Debug|Any CPU.Build.0 = Debug|Any CPU
		{FA5D93D3-2A98-4A4E-8BFD-F1941A47175B}.Release|Any CPU.ActiveCfg = Release|Any CPU
		{FA5D93D3-2A98-4A4E-8BFD-F1941A47175B}.Release|Any CPU.Build.0 = Release|Any CPU
		{379EBA18-DB45-4444-9FE9-075855855B7A}.Debug|Any CPU.ActiveCfg = Debug|Any CPU
		{379EBA18-DB45-4444-9FE9-075855855B7A}.Debug|Any CPU.Build.0 = Debug|Any CPU
		{379EBA18-DB45-4444-9FE9-075855855B7A}.Release|Any CPU.ActiveCfg = Release|Any CPU
		{379EBA18-DB45-4444-9FE9-075855855B7A}.Release|Any CPU.Build.0 = Release|Any CPU
		{21F3C428-EF30-4FB9-8074-D8F3E710FB83}.Debug|Any CPU.ActiveCfg = Debug|Any CPU
		{21F3C428-EF30-4FB9-8074-D8F3E710FB83}.Debug|Any CPU.Build.0 = Debug|Any CPU
		{21F3C428-EF30-4FB9-8074-D8F3E710FB83}.Release|Any CPU.ActiveCfg = Release|Any CPU
		{21F3C428-EF30-4FB9-8074-D8F3E710FB83}.Release|Any CPU.Build.0 = Release|Any CPU
	EndGlobalSection
EndGlobal
